
Microsoft Visual Studio Solution File, Format Version 12.00
# Visual Studio Version 16
VisualStudioVersion = 16.0.31112.23
MinimumVisualStudioVersion = 10.0.40219.1
Project("{FAE04EC0-301F-11D3-BF4B-00C04F79EFBC}") = "FIZZBUZZ", "FIZZBUZZ.csproj", "{1EE2E35E-36D5-41C4-9E32-BAB437594671}"
EndProject
Global
	GlobalSection(SolutionConfigurationPlatforms) = preSolution
		Debug|Any CPU = Debug|Any CPU
		Release|Any CPU = Release|Any CPU
	EndGlobalSection
	GlobalSection(ProjectConfigurationPlatforms) = postSolution
		{1EE2E35E-36D5-41C4-9E32-BAB437594671}.Debug|Any CPU.ActiveCfg = Debug|Any CPU
		{1EE2E35E-36D5-41C4-9E32-BAB437594671}.Debug|Any CPU.Build.0 = Debug|Any CPU
		{1EE2E35E-36D5-41C4-9E32-BAB437594671}.Release|Any CPU.ActiveCfg = Release|Any CPU
		{1EE2E35E-36D5-41C4-9E32-BAB437594671}.Release|Any CPU.Build.0 = Release|Any CPU
	EndGlobalSection
	GlobalSection(SolutionProperties) = preSolution
		HideSolutionNode = FALSE
	EndGlobalSection
	GlobalSection(ExtensibilityGlobals) = postSolution
		SolutionGuid = {8B9155C9-B7C7-4C38-8E0D-69C0E9BB2931}
	EndGlobalSection
EndGlobal
